# This file was autogenerated by Stack.
# You should not edit this file by hand.
# For more information, please see the documentation at:
#   https://docs.haskellstack.org/en/stable/topics/lock_files

packages:
- completed:
    hackage: monad-bayes-1.3.0.4@sha256:101a60697c2bf0fae60157284bb8127e6a84e37c82c562cd7a262b50a34f3b5d,6650
    pantry-tree:
      sha256: 2d9102c645cd43c5144f3a02873e841d0be2f70748dca7091a578ae909ed22af
      size: 4852
  original:
    hackage: monad-bayes-1.3.0.4@sha256:101a60697c2bf0fae60157284bb8127e6a84e37c82c562cd7a262b50a34f3b5d,6650
- completed:
    hackage: HMap-1.3.0@sha256:e64d92765a2e261182462715450112d7f77e8a713882e3787d495ec03a2f4446,1234
    pantry-tree:
      sha256: 22863ee6b79a1873380a9f2e0281da104edc37544894b56aa721ce8ef02b75b4
      size: 532
  original:
    hackage: HMap-1.3.0@sha256:e64d92765a2e261182462715450112d7f77e8a713882e3787d495ec03a2f4446,1234
- completed:
    hackage: transformers-0.6.1.0@sha256:7e7feea5fc9071375a973a48290fee6664e3eba38eb7028ce04850911f1ad0d4,3146
    pantry-tree:
      sha256: d3c0d29caf4101796285ba7853052dc370f204e7271738296ee68b114ae917ef
      size: 2376
  original:
    hackage: transformers-0.6.1.0@sha256:7e7feea5fc9071375a973a48290fee6664e3eba38eb7028ce04850911f1ad0d4,3146
snapshots:
- completed:
    sha256: 069c8189232279d04bd107557d3a62132c04ae5ce3c710649e6b40f67f10b9d5
    size: 684285
    url: https://raw.githubusercontent.com/commercialhaskell/stackage-snapshots/master/lts/23/27.yaml
  original:
    url: https://raw.githubusercontent.com/commercialhaskell/stackage-snapshots/master/lts/23/27.yaml
